
Microsoft Visual Studio Solution File, Format Version 12.00
# Visual Studio Version 16
VisualStudioVersion = 16.0.28922.388
MinimumVisualStudioVersion = 10.0.40219.1
Project("{FAE04EC0-301F-11D3-BF4B-00C04F79EFBC}") = "Mic.Volo.CodeRepeat", "Mic.Volo.CodeRepeat\Mic.Volo.CodeRepeat.csproj", "{F03173AC-51A1-402F-8954-C1ECDDBA0889}"
EndProject
Global
	GlobalSection(SolutionConfigurationPlatforms) = preSolution
		Debug|Any CPU = Debug|Any CPU
		Release|Any CPU = Release|Any CPU
	EndGlobalSection
	GlobalSection(ProjectConfigurationPlatforms) = postSolution
		{F03173AC-51A1-402F-8954-C1ECDDBA0889}.Debug|Any CPU.ActiveCfg = Debug|Any CPU
		{F03173AC-51A1-402F-8954-C1ECDDBA0889}.Debug|Any CPU.Build.0 = Debug|Any CPU
		{F03173AC-51A1-402F-8954-C1ECDDBA0889}.Release|Any CPU.ActiveCfg = Release|Any CPU
		{F03173AC-51A1-402F-8954-C1ECDDBA0889}.Release|Any CPU.Build.0 = Release|Any CPU
	EndGlobalSection
	GlobalSection(SolutionProperties) = preSolution
		HideSolutionNode = FALSE
	EndGlobalSection
	GlobalSection(ExtensibilityGlobals) = postSolution
		SolutionGuid = {67521765-09E1-4AD8-979C-C18839B51C1A}
	EndGlobalSection
EndGlobal
